
Microsoft Visual Studio Solution File, Format Version 12.00
# Visual Studio Version 17
VisualStudioVersion = 17.0.31903.59
MinimumVisualStudioVersion = 10.0.40219.1
Project("{2150E333-8FDC-42A3-9474-1A3956D46DE8}") = "src", "src", "{38C31E4B-495B-4DBA-A236-0A88F911706B}"
EndProject
Project("{2150E333-8FDC-42A3-9474-1A3956D46DE8}") = "test", "test", "{9114D397-3D81-455D-A6E8-C0F7C98C1A07}"
EndProject
Project("{9A19103F-16F7-4668-BE54-9A1E7A4F7556}") = "Kon.Accounting.Application", "src\Kon.Accounting.Application\Kon.Accounting.Application.csproj", "{A7B0AA22-E1BF-4AF4-B775-825574B87507}"
EndProject
Project("{9A19103F-16F7-4668-BE54-9A1E7A4F7556}") = "Kon.Accounting.Application.Contracts", "src\Kon.Accounting.Application.Contracts\Kon.Accounting.Application.Contracts.csproj", "{96EBA5C2-E396-4551-9B00-F5E9B59DAD6E}"
EndProject
Project("{9A19103F-16F7-4668-BE54-9A1E7A4F7556}") = "Kon.Accounting.Domain", "src\Kon.Accounting.Domain\Kon.Accounting.Domain.csproj", "{05C57186-2AFD-4B16-821C-20297C4998EA}"
EndProject
Project("{9A19103F-16F7-4668-BE54-9A1E7A4F7556}") = "Kon.Accounting.Domain.Shared", "src\Kon.Accounting.Domain.Shared\Kon.Accounting.Domain.Shared.csproj", "{2BD4C314-9794-4922-BF03-EB49ED2BF613}"
EndProject
Project("{9A19103F-16F7-4668-BE54-9A1E7A4F7556}") = "Kon.Accounting.EntityFrameworkCore", "src\Kon.Accounting.EntityFrameworkCore\Kon.Accounting.EntityFrameworkCore.csproj", "{4D880D54-6F8C-40F5-BAE9-E663E01E40CA}"
EndProject
Project("{9A19103F-16F7-4668-BE54-9A1E7A4F7556}") = "Kon.Accounting.HttpApi", "src\Kon.Accounting.HttpApi\Kon.Accounting.HttpApi.csproj", "{A593AE0D-21BC-4BEA-9798-0863A9C7EFC6}"
EndProject
Project("{9A19103F-16F7-4668-BE54-9A1E7A4F7556}") = "Kon.Accounting.HttpApi.Client", "src\Kon.Accounting.HttpApi.Client\Kon.Accounting.HttpApi.Client.csproj", "{76A9D64A-54F0-4DEB-8D02-363B70C5B455}"
EndProject
Project("{9A19103F-16F7-4668-BE54-9A1E7A4F7556}") = "Kon.Accounting.HttpApi.Host", "src\Kon.Accounting.HttpApi.Host\Kon.Accounting.HttpApi.Host.csproj", "{FE5E3AD7-A0D5-4091-96F7-86EAE088CF05}"
EndProject
Project("{9A19103F-16F7-4668-BE54-9A1E7A4F7556}") = "Kon.Accounting.Application.Tests", "test\Kon.Accounting.Application.Tests\Kon.Accounting.Application.Tests.csproj", "{77E19C3E-E302-42D8-8177-40D07D21A900}"
EndProject
Project("{9A19103F-16F7-4668-BE54-9A1E7A4F7556}") = "Kon.Accounting.Domain.Tests", "test\Kon.Accounting.Domain.Tests\Kon.Accounting.Domain.Tests.csproj", "{01C3FCB4-4E85-4FF5-ADD9-FB6EED0D2692}"
EndProject
Project("{9A19103F-16F7-4668-BE54-9A1E7A4F7556}") = "Kon.Accounting.EntityFrameworkCore.Tests", "test\Kon.Accounting.EntityFrameworkCore.Tests\Kon.Accounting.EntityFrameworkCore.Tests.csproj", "{42E66BF6-A3C4-4663-84AB-503EA9339325}"
EndProject
Project("{9A19103F-16F7-4668-BE54-9A1E7A4F7556}") = "Kon.Accounting.HttpApi.Client.ConsoleTestApp", "test\Kon.Accounting.HttpApi.Client.ConsoleTestApp\Kon.Accounting.HttpApi.Client.ConsoleTestApp.csproj", "{A6F5A901-EFB2-47D8-8ABD-6FDFBB4B8839}"
EndProject
Project("{9A19103F-16F7-4668-BE54-9A1E7A4F7556}") = "Kon.Accounting.TestBase", "test\Kon.Accounting.TestBase\Kon.Accounting.TestBase.csproj", "{1AA27932-ECC8-4927-AC27-00AD5A5EE31C}"
EndProject
Global
	GlobalSection(SolutionConfigurationPlatforms) = preSolution
		Debug|Any CPU = Debug|Any CPU
		Release|Any CPU = Release|Any CPU
	EndGlobalSection
	GlobalSection(ProjectConfigurationPlatforms) = postSolution
		{A7B0AA22-E1BF-4AF4-B775-825574B87507}.Debug|Any CPU.ActiveCfg = Debug|Any CPU
		{A7B0AA22-E1BF-4AF4-B775-825574B87507}.Debug|Any CPU.Build.0 = Debug|Any CPU
		{A7B0AA22-E1BF-4AF4-B775-825574B87507}.Release|Any CPU.ActiveCfg = Release|Any CPU
		{A7B0AA22-E1BF-4AF4-B775-825574B87507}.Release|Any CPU.Build.0 = Release|Any CPU
		{96EBA5C2-E396-4551-9B00-F5E9B59DAD6E}.Debug|Any CPU.ActiveCfg = Debug|Any CPU
		{96EBA5C2-E396-4551-9B00-F5E9B59DAD6E}.Debug|Any CPU.Build.0 = Debug|Any CPU
		{96EBA5C2-E396-4551-9B00-F5E9B59DAD6E}.Release|Any CPU.ActiveCfg = Release|Any CPU
		{96EBA5C2-E396-4551-9B00-F5E9B59DAD6E}.Release|Any CPU.Build.0 = Release|Any CPU
		{05C57186-2AFD-4B16-821C-20297C4998EA}.Debug|Any CPU.ActiveCfg = Debug|Any CPU
		{05C57186-2AFD-4B16-821C-20297C4998EA}.Debug|Any CPU.Build.0 = Debug|Any CPU
		{05C57186-2AFD-4B16-821C-20297C4998EA}.Release|Any CPU.ActiveCfg = Release|Any CPU
		{05C57186-2AFD-4B16-821C-20297C4998EA}.Release|Any CPU.Build.0 = Release|Any CPU
		{2BD4C314-9794-4922-BF03-EB49ED2BF613}.Debug|Any CPU.ActiveCfg = Debug|Any CPU
		{2BD4C314-9794-4922-BF03-EB49ED2BF613}.Debug|Any CPU.Build.0 = Debug|Any CPU
		{2BD4C314-9794-4922-BF03-EB49ED2BF613}.Release|Any CPU.ActiveCfg = Release|Any CPU
		{2BD4C314-9794-4922-BF03-EB49ED2BF613}.Release|Any CPU.Build.0 = Release|Any CPU
		{4D880D54-6F8C-40F5-BAE9-E663E01E40CA}.Debug|Any CPU.ActiveCfg = Debug|Any CPU
		{4D880D54-6F8C-40F5-BAE9-E663E01E40CA}.Debug|Any CPU.Build.0 = Debug|Any CPU
		{4D880D54-6F8C-40F5-BAE9-E663E01E40CA}.Release|Any CPU.ActiveCfg = Release|Any CPU
		{4D880D54-6F8C-40F5-BAE9-E663E01E40CA}.Release|Any CPU.Build.0 = Release|Any CPU
		{A593AE0D-21BC-4BEA-9798-0863A9C7EFC6}.Debug|Any CPU.ActiveCfg = Debug|Any CPU
		{A593AE0D-21BC-4BEA-9798-0863A9C7EFC6}.Debug|Any CPU.Build.0 = Debug|Any CPU
		{A593AE0D-21BC-4BEA-9798-0863A9C7EFC6}.Release|Any CPU.ActiveCfg = Release|Any CPU
		{A593AE0D-21BC-4BEA-9798-0863A9C7EFC6}.Release|Any CPU.Build.0 = Release|Any CPU
		{76A9D64A-54F0-4DEB-8D02-363B70C5B455}.Debug|Any CPU.ActiveCfg = Debug|Any CPU
		{76A9D64A-54F0-4DEB-8D02-363B70C5B455}.Debug|Any CPU.Build.0 = Debug|Any CPU
		{76A9D64A-54F0-4DEB-8D02-363B70C5B455}.Release|Any CPU.ActiveCfg = Release|Any CPU
		{76A9D64A-54F0-4DEB-8D02-363B70C5B455}.Release|Any CPU.Build.0 = Release|Any CPU
		{FE5E3AD7-A0D5-4091-96F7-86EAE088CF05}.Debug|Any CPU.ActiveCfg = Debug|Any CPU
		{FE5E3AD7-A0D5-4091-96F7-86EAE088CF05}.Debug|Any CPU.Build.0 = Debug|Any CPU
		{FE5E3AD7-A0D5-4091-96F7-86EAE088CF05}.Release|Any CPU.ActiveCfg = Release|Any CPU
		{FE5E3AD7-A0D5-4091-96F7-86EAE088CF05}.Release|Any CPU.Build.0 = Release|Any CPU
		{77E19C3E-E302-42D8-8177-40D07D21A900}.Debug|Any CPU.ActiveCfg = Debug|Any CPU
		{77E19C3E-E302-42D8-8177-40D07D21A900}.Debug|Any CPU.Build.0 = Debug|Any CPU
		{77E19C3E-E302-42D8-8177-40D07D21A900}.Release|Any CPU.ActiveCfg = Release|Any CPU
		{77E19C3E-E302-42D8-8177-40D07D21A900}.Release|Any CPU.Build.0 = Release|Any CPU
		{01C3FCB4-4E85-4FF5-ADD9-FB6EED0D2692}.Debug|Any CPU.ActiveCfg = Debug|Any CPU
		{01C3FCB4-4E85-4FF5-ADD9-FB6EED0D2692}.Debug|Any CPU.Build.0 = Debug|Any CPU
		{01C3FCB4-4E85-4FF5-ADD9-FB6EED0D2692}.Release|Any CPU.ActiveCfg = Release|Any CPU
		{01C3FCB4-4E85-4FF5-ADD9-FB6EED0D2692}.Release|Any CPU.Build.0 = Release|Any CPU
		{42E66BF6-A3C4-4663-84AB-503EA9339325}.Debug|Any CPU.ActiveCfg = Debug|Any CPU
		{42E66BF6-A3C4-4663-84AB-503EA9339325}.Debug|Any CPU.Build.0 = Debug|Any CPU
		{42E66BF6-A3C4-4663-84AB-503EA9339325}.Release|Any CPU.ActiveCfg = Release|Any CPU
		{42E66BF6-A3C4-4663-84AB-503EA9339325}.Release|Any CPU.Build.0 = Release|Any CPU
		{A6F5A901-EFB2-47D8-8ABD-6FDFBB4B8839}.Debug|Any CPU.ActiveCfg = Debug|Any CPU
		{A6F5A901-EFB2-47D8-8ABD-6FDFBB4B8839}.Debug|Any CPU.Build.0 = Debug|Any CPU
		{A6F5A901-EFB2-47D8-8ABD-6FDFBB4B8839}.Release|Any CPU.ActiveCfg = Release|Any CPU
		{A6F5A901-EFB2-47D8-8ABD-6FDFBB4B8839}.Release|Any CPU.Build.0 = Release|Any CPU
		{1AA27932-ECC8-4927-AC27-00AD5A5EE31C}.Debug|Any CPU.ActiveCfg = Debug|Any CPU
		{1AA27932-ECC8-4927-AC27-00AD5A5EE31C}.Debug|Any CPU.Build.0 = Debug|Any CPU
		{1AA27932-ECC8-4927-AC27-00AD5A5EE31C}.Release|Any CPU.ActiveCfg = Release|Any CPU
		{1AA27932-ECC8-4927-AC27-00AD5A5EE31C}.Release|Any CPU.Build.0 = Release|Any CPU
	EndGlobalSection
	GlobalSection(SolutionProperties) = preSolution
		HideSolutionNode = FALSE
	EndGlobalSection
	GlobalSection(NestedProjects) = preSolution
		{A7B0AA22-E1BF-4AF4-B775-825574B87507} = {38C31E4B-495B-4DBA-A236-0A88F911706B}
		{96EBA5C2-E396-4551-9B00-F5E9B59DAD6E} = {38C31E4B-495B-4DBA-A236-0A88F911706B}
		{05C57186-2AFD-4B16-821C-20297C4998EA} = {38C31E4B-495B-4DBA-A236-0A88F911706B}
		{2BD4C314-9794-4922-BF03-EB49ED2BF613} = {38C31E4B-495B-4DBA-A236-0A88F911706B}
		{4D880D54-6F8C-40F5-BAE9-E663E01E40CA} = {38C31E4B-495B-4DBA-A236-0A88F911706B}
		{A593AE0D-21BC-4BEA-9798-0863A9C7EFC6} = {38C31E4B-495B-4DBA-A236-0A88F911706B}
		{76A9D64A-54F0-4DEB-8D02-363B70C5B455} = {38C31E4B-495B-4DBA-A236-0A88F911706B}
		{FE5E3AD7-A0D5-4091-96F7-86EAE088CF05} = {38C31E4B-495B-4DBA-A236-0A88F911706B}
		{77E19C3E-E302-42D8-8177-40D07D21A900} = {9114D397-3D81-455D-A6E8-C0F7C98C1A07}
		{01C3FCB4-4E85-4FF5-ADD9-FB6EED0D2692} = {9114D397-3D81-455D-A6E8-C0F7C98C1A07}
		{42E66BF6-A3C4-4663-84AB-503EA9339325} = {9114D397-3D81-455D-A6E8-C0F7C98C1A07}
		{A6F5A901-EFB2-47D8-8ABD-6FDFBB4B8839} = {9114D397-3D81-455D-A6E8-C0F7C98C1A07}
		{1AA27932-ECC8-4927-AC27-00AD5A5EE31C} = {9114D397-3D81-455D-A6E8-C0F7C98C1A07}
	EndGlobalSection
	GlobalSection(ExtensibilityGlobals) = postSolution
		SolutionGuid = {33ADC58E-6A48-48A0-9EC3-24FEFB69CCEC}
	EndGlobalSection
EndGlobal
