
Microsoft Visual Studio Solution File, Format Version 12.00
# Visual Studio Version 17
VisualStudioVersion = 17.10.35013.160
MinimumVisualStudioVersion = 10.0.40219.1
Project("{9A19103F-16F7-4668-BE54-9A1E7A4F7556}") = "Volo.Abp.AspNetCore.Mvc.UI.Theme.Basic", "packages\Volo.Abp.AspNetCore.Mvc.UI.Theme.Basic\Volo.Abp.AspNetCore.Mvc.UI.Theme.Basic.csproj", "{58D438B2-C805-483B-A05E-B1780210908A}"
EndProject
Project("{9A19103F-16F7-4668-BE54-9A1E7A4F7556}") = "Volo.Abp.AspNetCore.Components.Server.BasicTheme", "packages\Volo.Abp.AspNetCore.Components.Server.BasicTheme\Volo.Abp.AspNetCore.Components.Server.BasicTheme.csproj", "{2D226879-D9E6-4229-874E-867CC1010164}"
EndProject
Project("{2150E333-8FDC-42A3-9474-1A3956D46DE8}") = "packages", "packages", "{41E77644-F651-44FC-9FC0-5D5E9DFC2055}"
EndProject
Project("{2150E333-8FDC-42A3-9474-1A3956D46DE8}") = "gateways", "gateways", "{AF8603A7-05F6-4F5A-B846-DF2072511CC0}"
EndProject
Project("{2150E333-8FDC-42A3-9474-1A3956D46DE8}") = "services", "services", "{95E0CD8D-38A7-4A43-924E-2CF728DAA0A2}"
EndProject
Project("{2150E333-8FDC-42A3-9474-1A3956D46DE8}") = "shared", "shared", "{2FCCD7E8-1AC4-418C-B210-298DCD345180}"
EndProject
Project("{2150E333-8FDC-42A3-9474-1A3956D46DE8}") = "apps", "apps", "{ABACFDCC-EDA2-4825-A72E-F557057B7E5F}"
EndProject
Project("{9A19103F-16F7-4668-BE54-9A1E7A4F7556}") = "Kon.BillingBash.Internal.Gateway", "gateways\Kon.BillingBash.Internal.Gateway\Kon.BillingBash.Internal.Gateway.csproj", "{E7E7D4FA-0963-49B4-ADF3-29FF1AAE39B9}"
EndProject
Project("{9A19103F-16F7-4668-BE54-9A1E7A4F7556}") = "Kon.BillingBash.DbMigrator", "shared\Kon.BillingBash.DbMigrator\Kon.BillingBash.DbMigrator.csproj", "{EE36449A-4884-48EC-B5C4-1CEBABCCE70D}"
EndProject
Project("{9A19103F-16F7-4668-BE54-9A1E7A4F7556}") = "Kon.BillingBash.Blazor", "apps\Kon.BillingBash.Blazor\Kon.BillingBash.Blazor.csproj", "{B7CD320B-179A-42C3-9B19-9A4168BA61E8}"
EndProject
Project("{9A19103F-16F7-4668-BE54-9A1E7A4F7556}") = "Kon.BillingBash.Public.Gateway", "gateways\Kon.BillingBash.Public.Gateway\Kon.BillingBash.Public.Gateway.csproj", "{0FC23A2E-5E82-4DDB-88B7-916B59AD4E6D}"
EndProject
Project("{9A19103F-16F7-4668-BE54-9A1E7A4F7556}") = "Kon.AdministrationService.HttpApi.Host", "services\administration\src\Kon.AdministrationService.HttpApi.Host\Kon.AdministrationService.HttpApi.Host.csproj", "{A9EBFB2F-F1B8-48D3-AC27-508A8B09414D}"
EndProject
Project("{9A19103F-16F7-4668-BE54-9A1E7A4F7556}") = "Kon.IdentityService.HttpApi.Host", "services\identity\src\Kon.IdentityService.HttpApi.Host\Kon.IdentityService.HttpApi.Host.csproj", "{6C826C9F-D07F-4D39-B6C0-CDBB7BDE59F3}"
EndProject
Global
	GlobalSection(SolutionConfigurationPlatforms) = preSolution
		Debug|Any CPU = Debug|Any CPU
		Release|Any CPU = Release|Any CPU
	EndGlobalSection
	GlobalSection(ProjectConfigurationPlatforms) = postSolution
		{58D438B2-C805-483B-A05E-B1780210908A}.Debug|Any CPU.ActiveCfg = Debug|Any CPU
		{58D438B2-C805-483B-A05E-B1780210908A}.Debug|Any CPU.Build.0 = Debug|Any CPU
		{58D438B2-C805-483B-A05E-B1780210908A}.Release|Any CPU.ActiveCfg = Release|Any CPU
		{58D438B2-C805-483B-A05E-B1780210908A}.Release|Any CPU.Build.0 = Release|Any CPU
		{2D226879-D9E6-4229-874E-867CC1010164}.Debug|Any CPU.ActiveCfg = Debug|Any CPU
		{2D226879-D9E6-4229-874E-867CC1010164}.Debug|Any CPU.Build.0 = Debug|Any CPU
		{2D226879-D9E6-4229-874E-867CC1010164}.Release|Any CPU.ActiveCfg = Release|Any CPU
		{2D226879-D9E6-4229-874E-867CC1010164}.Release|Any CPU.Build.0 = Release|Any CPU
		{E7E7D4FA-0963-49B4-ADF3-29FF1AAE39B9}.Debug|Any CPU.ActiveCfg = Debug|Any CPU
		{E7E7D4FA-0963-49B4-ADF3-29FF1AAE39B9}.Debug|Any CPU.Build.0 = Debug|Any CPU
		{E7E7D4FA-0963-49B4-ADF3-29FF1AAE39B9}.Release|Any CPU.ActiveCfg = Release|Any CPU
		{E7E7D4FA-0963-49B4-ADF3-29FF1AAE39B9}.Release|Any CPU.Build.0 = Release|Any CPU
		{EE36449A-4884-48EC-B5C4-1CEBABCCE70D}.Debug|Any CPU.ActiveCfg = Debug|Any CPU
		{EE36449A-4884-48EC-B5C4-1CEBABCCE70D}.Debug|Any CPU.Build.0 = Debug|Any CPU
		{EE36449A-4884-48EC-B5C4-1CEBABCCE70D}.Release|Any CPU.ActiveCfg = Release|Any CPU
		{EE36449A-4884-48EC-B5C4-1CEBABCCE70D}.Release|Any CPU.Build.0 = Release|Any CPU
		{B7CD320B-179A-42C3-9B19-9A4168BA61E8}.Debug|Any CPU.ActiveCfg = Debug|Any CPU
		{B7CD320B-179A-42C3-9B19-9A4168BA61E8}.Debug|Any CPU.Build.0 = Debug|Any CPU
		{B7CD320B-179A-42C3-9B19-9A4168BA61E8}.Release|Any CPU.ActiveCfg = Release|Any CPU
		{B7CD320B-179A-42C3-9B19-9A4168BA61E8}.Release|Any CPU.Build.0 = Release|Any CPU
		{0FC23A2E-5E82-4DDB-88B7-916B59AD4E6D}.Debug|Any CPU.ActiveCfg = Debug|Any CPU
		{0FC23A2E-5E82-4DDB-88B7-916B59AD4E6D}.Debug|Any CPU.Build.0 = Debug|Any CPU
		{0FC23A2E-5E82-4DDB-88B7-916B59AD4E6D}.Release|Any CPU.ActiveCfg = Release|Any CPU
		{0FC23A2E-5E82-4DDB-88B7-916B59AD4E6D}.Release|Any CPU.Build.0 = Release|Any CPU
		{A9EBFB2F-F1B8-48D3-AC27-508A8B09414D}.Debug|Any CPU.ActiveCfg = Debug|Any CPU
		{A9EBFB2F-F1B8-48D3-AC27-508A8B09414D}.Debug|Any CPU.Build.0 = Debug|Any CPU
		{A9EBFB2F-F1B8-48D3-AC27-508A8B09414D}.Release|Any CPU.ActiveCfg = Release|Any CPU
		{A9EBFB2F-F1B8-48D3-AC27-508A8B09414D}.Release|Any CPU.Build.0 = Release|Any CPU
		{6C826C9F-D07F-4D39-B6C0-CDBB7BDE59F3}.Debug|Any CPU.ActiveCfg = Debug|Any CPU
		{6C826C9F-D07F-4D39-B6C0-CDBB7BDE59F3}.Debug|Any CPU.Build.0 = Debug|Any CPU
		{6C826C9F-D07F-4D39-B6C0-CDBB7BDE59F3}.Release|Any CPU.ActiveCfg = Release|Any CPU
		{6C826C9F-D07F-4D39-B6C0-CDBB7BDE59F3}.Release|Any CPU.Build.0 = Release|Any CPU
	EndGlobalSection
	GlobalSection(SolutionProperties) = preSolution
		HideSolutionNode = FALSE
	EndGlobalSection
	GlobalSection(NestedProjects) = preSolution
		{58D438B2-C805-483B-A05E-B1780210908A} = {41E77644-F651-44FC-9FC0-5D5E9DFC2055}
		{2D226879-D9E6-4229-874E-867CC1010164} = {41E77644-F651-44FC-9FC0-5D5E9DFC2055}
		{E7E7D4FA-0963-49B4-ADF3-29FF1AAE39B9} = {AF8603A7-05F6-4F5A-B846-DF2072511CC0}
		{EE36449A-4884-48EC-B5C4-1CEBABCCE70D} = {2FCCD7E8-1AC4-418C-B210-298DCD345180}
		{B7CD320B-179A-42C3-9B19-9A4168BA61E8} = {ABACFDCC-EDA2-4825-A72E-F557057B7E5F}
		{0FC23A2E-5E82-4DDB-88B7-916B59AD4E6D} = {AF8603A7-05F6-4F5A-B846-DF2072511CC0}
		{A9EBFB2F-F1B8-48D3-AC27-508A8B09414D} = {95E0CD8D-38A7-4A43-924E-2CF728DAA0A2}
		{6C826C9F-D07F-4D39-B6C0-CDBB7BDE59F3} = {95E0CD8D-38A7-4A43-924E-2CF728DAA0A2}
	EndGlobalSection
	GlobalSection(ExtensibilityGlobals) = postSolution
		SolutionGuid = {28315BFD-90E7-4E14-A2EA-F3D23AF4126F}
	EndGlobalSection
EndGlobal
